
Microsoft Visual Studio Solution File, Format Version 12.00
# Visual Studio 15
VisualStudioVersion = 15.0.28010.2050
MinimumVisualStudioVersion = 10.0.40219.1
Project("{9A19103F-16F7-4668-BE54-9A1E7A4F7556}") = "project_c", "project_c\project_c.csproj", "{B6751FCF-E83F-4BB8-ACAE-5A1F540462EE}"
EndProject
Global
	GlobalSection(SolutionConfigurationPlatforms) = preSolution
		Debug|Any CPU = Debug|Any CPU
		Release|Any CPU = Release|Any CPU
	EndGlobalSection
	GlobalSection(ProjectConfigurationPlatforms) = postSolution
		{B6751FCF-E83F-4BB8-ACAE-5A1F540462EE}.Debug|Any CPU.ActiveCfg = Debug|Any CPU
		{B6751FCF-E83F-4BB8-ACAE-5A1F540462EE}.Debug|Any CPU.Build.0 = Debug|Any CPU
		{B6751FCF-E83F-4BB8-ACAE-5A1F540462EE}.Release|Any CPU.ActiveCfg = Release|Any CPU
		{B6751FCF-E83F-4BB8-ACAE-5A1F540462EE}.Release|Any CPU.Build.0 = Release|Any CPU
	EndGlobalSection
	GlobalSection(SolutionProperties) = preSolution
		HideSolutionNode = FALSE
	EndGlobalSection
	GlobalSection(ExtensibilityGlobals) = postSolution
		SolutionGuid = {37803B86-3622-4E2B-98CA-D57D7C3E9085}
	EndGlobalSection
EndGlobal
